{
  "name": "icon-test",
  "version": "1.0.0",
  "lockfileVersion": 3,
  "requires": true,
  "packages": {
    "": {
      "name": "icon-test",
      "version": "1.0.0",
      "dependencies": {
        "@ALightbolt4G/nitron": "file:.."
      }
    },
    "..": {
      "name": "@ALightbolt4G/nitron",
      "version": "1.2.3",
      "license": "MIT",
      "dependencies": {
        "chokidar": "^5.0.0",
        "commander": "^13.1.0",
        "jszip": "^3.10.1",
        "open": "^11.0.0",
        "picocolors": "^1.1.1",
        "prompts": "^2.4.2",
        "serve-handler": "^6.1.7",
        "ws": "^8.20.0"
      },
      "bin": {
        "nitron": "dist/cli.js"
      },
      "devDependencies": {
        "@types/node": "^22.0.0",
        "@types/prompts": "^2.4.9",
        "@types/serve-handler": "^6.1.4",
        "@types/ws": "^8.18.1",
        "tsup": "^8.4.0",
        "typescript": "^5.7.0"
      },
      "engines": {
        "node": ">=18.0.0"
      }
    },
    "node_modules/@ALightbolt4G/nitron": {
      "resolved": "..",
      "link": true
    }
  }
}
