{
  "name": "my-final-test",
  "version": "1.0.0",
  "lockfileVersion": 3,
  "requires": true,
  "packages": {
    "": {
      "name": "my-final-test",
      "version": "1.0.0",
      "dependencies": {
        "nitron": "file:.."
      }
    },
    "..": {
      "version": "0.1.0",
      "license": "MIT",
      "dependencies": {
        "commander": "^13.1.0",
        "jszip": "^3.10.1",
        "live-server": "^1.2.2",
        "picocolors": "^1.1.1",
        "prompts": "^2.4.2"
      },
      "bin": {
        "nitron": "dist/cli.js"
      },
      "devDependencies": {
        "@types/live-server": "^1.2.3",
        "@types/node": "^22.0.0",
        "@types/prompts": "^2.4.9",
        "tsup": "^8.4.0",
        "typescript": "^5.7.0"
      },
      "engines": {
        "node": ">=18.0.0"
      }
    },
    "node_modules/nitron": {
      "resolved": "..",
      "link": true
    }
  }
}
